// !$*UTF8*$!
{
	archiveVersion = 1;
	classes = {
	};
	objectVersion = 50;
	objects = {

/* Begin PBXBuildFile section */
		26A69D3721E367D0003F8833 /* AppDelegate.swift in Sources */ = {isa = PBXBuildFile; fileRef = 26A69D3621E367D0003F8833 /* AppDelegate.swift */; };
		26A69D3921E367D0003F8833 /* ViewController.swift in Sources */ = {isa = PBXBuildFile; fileRef = 26A69D3821E367D0003F8833 /* ViewController.swift */; };
		26A69D3C21E367D0003F8833 /* Main.storyboard in Resources */ = {isa = PBXBuildFile; fileRef = 26A69D3A21E367D0003F8833 /* Main.storyboard */; };
		26A69D3E21E367D6003F8833 /* Assets.xcassets in Resources */ = {isa = PBXBuildFile; fileRef = 26A69D3D21E367D6003F8833 /* Assets.xcassets */; };
		26A69D4121E367D6003F8833 /* LaunchScreen.storyboard in Resources */ = {isa = PBXBuildFile; fileRef = 26A69D3F21E367D6003F8833 /* LaunchScreen.storyboard */; };
		26A69D4C21E367D6003F8833 /* SampleTests.swift in Sources */ = {isa = PBXBuildFile; fileRef = 26A69D4B21E367D6003F8833 /* SampleTests.swift */; };
		26A69D5721E367D6003F8833 /* SampleUITests.swift in Sources */ = {isa = PBXBuildFile; fileRef = 26A69D5621E367D6003F8833 /* SampleUITests.swift */; };
		26A69D6421E392D0003F8833 /* Main.storyboard in Resources */ = {isa = PBXBuildFile; fileRef = 26A69D3A21E367D0003F8833 /* Main.storyboard */; };
		26A69D6521E392D1003F8833 /* Main.storyboard in Resources */ = {isa = PBXBuildFile; fileRef = 26A69D3A21E367D0003F8833 /* Main.storyboard */; };
/* End PBXBuildFile section */

/* Begin PBXContainerItemProxy section */
		26A69D4821E367D6003F8833 /* PBXContainerItemProxy */ = {
			isa = PBXContainerItemProxy;
			containerPortal = 26A69D2B21E367D0003F8833 /* Project object */;
			proxyType = 1;
			remoteGlobalIDString = 26A69D3221E367D0003F8833;
			remoteInfo = Sample;
		};
		26A69D5321E367D6003F8833 /* PBXContainerItemProxy */ = {
			isa = PBXContainerItemProxy;
			containerPortal = 26A69D2B21E367D0003F8833 /* Project object */;
			proxyType = 1;
			remoteGlobalIDString = 26A69D3221E367D0003F8833;
			remoteInfo = Sample;
		};
/* End PBXContainerItemProxy section */

/* Begin PBXFileReference section */
		26A69D3321E367D0003F8833 /* Sample.app */ = {isa = PBXFileReference; explicitFileType = wrapper.application; includeInIndex = 0; path = Sample.app; sourceTree = BUILT_PRODUCTS_DIR; };
		26A69D3621E367D0003F8833 /* AppDelegate.swift */ = {isa = PBXFileReference; lastKnownFileType = sourcecode.swift; path = AppDelegate.swift; sourceTree = "<group>"; };
		26A69D3821E367D0003F8833 /* ViewController.swift */ = {isa = PBXFileReference; lastKnownFileType = sourcecode.swift; path = ViewController.swift; sourceTree = "<group>"; };
		26A69D3B21E367D0003F8833 /* Base */ = {isa = PBXFileReference; lastKnownFileType = file.storyboard; name = Base; path = Base.lproj/Main.storyboard; sourceTree = "<group>"; };
		26A69D3D21E367D6003F8833 /* Assets.xcassets */ = {isa = PBXFileReference; lastKnownFileType = folder.assetcatalog; path = Assets.xcassets; sourceTree = "<group>"; };
		26A69D4021E367D6003F8833 /* Base */ = {isa = PBXFileReference; lastKnownFileType = file.storyboard; name = Base; path = Base.lproj/LaunchScreen.storyboard; sourceTree = "<group>"; };
		26A69D4221E367D6003F8833 /* Info.plist */ = {isa = PBXFileReference; lastKnownFileType = text.plist.xml; path = Info.plist; sourceTree = "<group>"; };
		26A69D4721E367D6003F8833 /* SampleTests.xctest */ = {isa = PBXFileReference; explicitFileType = wrapper.cfbundle; includeInIndex = 0; path = SampleTests.xctest; sourceTree = BUILT_PRODUCTS_DIR; };
		26A69D4B21E367D6003F8833 /* SampleTests.swift */ = {isa = PBXFileReference; lastKnownFileType = sourcecode.swift; path = SampleTests.swift; sourceTree = "<group>"; };
		26A69D4D21E367D6003F8833 /* Info.plist */ = {isa = PBXFileReference; lastKnownFileType = text.plist.xml; path = Info.plist; sourceTree = "<group>"; };
		26A69D5221E367D6003F8833 /* SampleUITests.xctest */ = {isa = PBXFileReference; explicitFileType = wrapper.cfbundle; includeInIndex = 0; path = SampleUITests.xctest; sourceTree = BUILT_PRODUCTS_DIR; };
		26A69D5621E367D6003F8833 /* SampleUITests.swift */ = {isa = PBXFileReference; lastKnownFileType = sourcecode.swift; path = SampleUITests.swift; sourceTree = "<group>"; };
		26A69D5821E367D6003F8833 /* Info.plist */ = {isa = PBXFileReference; lastKnownFileType = text.plist.xml; path = Info.plist; sourceTree = "<group>"; };
		26A69D6721E392D8003F8833 /* en */ = {isa = PBXFileReference; lastKnownFileType = text.plist.strings; name = en; path = en.lproj/Main.strings; sourceTree = "<group>"; };
/* End PBXFileReference section */

/* Begin PBXFrameworksBuildPhase section */
		26A69D3021E367D0003F8833 /* Frameworks */ = {
			isa = PBXFrameworksBuildPhase;
			buildActionMask = 2147483647;
			files = (
			);
			runOnlyForDeploymentPostprocessing = 0;
		};
		26A69D4421E367D6003F8833 /* Frameworks */ = {
			isa = PBXFrameworksBuildPhase;
			buildActionMask = 2147483647;
			files = (
			);
			runOnlyForDeploymentPostprocessing = 0;
		};
		26A69D4F21E367D6003F8833 /* Frameworks */ = {
			isa = PBXFrameworksBuildPhase;
			buildActionMask = 2147483647;
			files = (
			);
			runOnlyForDeploymentPostprocessing = 0;
		};
/* End PBXFrameworksBuildPhase section */

/* Begin PBXGroup section */
		26A69D2A21E367D0003F8833 = {
			isa = PBXGroup;
			children = (
				26A69D3521E367D0003F8833 /* Sample */,
				26A69D4A21E367D6003F8833 /* SampleTests */,
				26A69D5521E367D6003F8833 /* SampleUITests */,
				26A69D3421E367D0003F8833 /* Products */,
			);
			sourceTree = "<group>";
		};
		26A69D3421E367D0003F8833 /* Products */ = {
			isa = PBXGroup;
			children = (
				26A69D3321E367D0003F8833 /* Sample.app */,
				26A69D4721E367D6003F8833 /* SampleTests.xctest */,
				26A69D5221E367D6003F8833 /* SampleUITests.xctest */,
			);
			name = Products;
			sourceTree = "<group>";
		};
		26A69D3521E367D0003F8833 /* Sample */ = {
			isa = PBXGroup;
			children = (
				26A69D3621E367D0003F8833 /* AppDelegate.swift */,
				26A69D3821E367D0003F8833 /* ViewController.swift */,
				26A69D3A21E367D0003F8833 /* Main.storyboard */,
				26A69D3D21E367D6003F8833 /* Assets.xcassets */,
				26A69D3F21E367D6003F8833 /* LaunchScreen.storyboard */,
				26A69D4221E367D6003F8833 /* Info.plist */,
			);
			path = Sample;
			sourceTree = "<group>";
		};
		26A69D4A21E367D6003F8833 /* SampleTests */ = {
			isa = PBXGroup;
			children = (
				26A69D4B21E367D6003F8833 /* SampleTests.swift */,
				26A69D4D21E367D6003F8833 /* Info.plist */,
			);
			path = SampleTests;
			sourceTree = "<group>";
		};
		26A69D5521E367D6003F8833 /* SampleUITests */ = {
			isa = PBXGroup;
			children = (
				26A69D5621E367D6003F8833 /* SampleUITests.swift */,
				26A69D5821E367D6003F8833 /* Info.plist */,
			);
			path = SampleUITests;
			sourceTree = "<group>";
		};
/* End PBXGroup section */

/* Begin PBXNativeTarget section */
		26A69D3221E367D0003F8833 /* Sample */ = {
			isa = PBXNativeTarget;
			buildConfigurationList = 26A69D5B21E367D6003F8833 /* Build configuration list for PBXNativeTarget "Sample" */;
			buildPhases = (
				26A69D2F21E367D0003F8833 /* Sources */,
				26A69D3021E367D0003F8833 /* Frameworks */,
				26A69D3121E367D0003F8833 /* Resources */,
			);
			buildRules = (
			);
			dependencies = (
			);
			name = Sample;
			productName = Sample;
			productReference = 26A69D3321E367D0003F8833 /* Sample.app */;
			productType = "com.apple.product-type.application";
		};
		26A69D4621E367D6003F8833 /* SampleTests */ = {
			isa = PBXNativeTarget;
			buildConfigurationList = 26A69D5E21E367D6003F8833 /* Build configuration list for PBXNativeTarget "SampleTests" */;
			buildPhases = (
				26A69D4321E367D6003F8833 /* Sources */,
				26A69D4421E367D6003F8833 /* Frameworks */,
				26A69D4521E367D6003F8833 /* Resources */,
			);
			buildRules = (
			);
			dependencies = (
				26A69D4921E367D6003F8833 /* PBXTargetDependency */,
			);
			name = SampleTests;
			productName = SampleTests;
			productReference = 26A69D4721E367D6003F8833 /* SampleTests.xctest */;
			productType = "com.apple.product-type.bundle.unit-test";
		};
		26A69D5121E367D6003F8833 /* SampleUITests */ = {
			isa = PBXNativeTarget;
			buildConfigurationList = 26A69D6121E367D6003F8833 /* Build configuration list for PBXNativeTarget "SampleUITests" */;
			buildPhases = (
				26A69D4E21E367D6003F8833 /* Sources */,
				26A69D4F21E367D6003F8833 /* Frameworks */,
				26A69D5021E367D6003F8833 /* Resources */,
			);
			buildRules = (
			);
			dependencies = (
				26A69D5421E367D6003F8833 /* PBXTargetDependency */,
			);
			name = SampleUITests;
			productName = SampleUITests;
			productReference = 26A69D5221E367D6003F8833 /* SampleUITests.xctest */;
			productType = "com.apple.product-type.bundle.ui-testing";
		};
/* End PBXNativeTarget section */

/* Begin PBXProject section */
		26A69D2B21E367D0003F8833 /* Project object */ = {
			isa = PBXProject;
			attributes = {
				LastSwiftUpdateCheck = 1000;
				LastUpgradeCheck = 1000;
				ORGANIZATIONNAME = "法師人大基";
				TargetAttributes = {
					26A69D3221E367D0003F8833 = {
						CreatedOnToolsVersion = 10.0;
					};
					26A69D4621E367D6003F8833 = {
						CreatedOnToolsVersion = 10.0;
						TestTargetID = 26A69D3221E367D0003F8833;
					};
					26A69D5121E367D6003F8833 = {
						CreatedOnToolsVersion = 10.0;
						TestTargetID = 26A69D3221E367D0003F8833;
					};
				};
			};
			buildConfigurationList = 26A69D2E21E367D0003F8833 /* Build configuration list for PBXProject "Sample" */;
			compatibilityVersion = "Xcode 9.3";
			developmentRegion = en;
			hasScannedForEncodings = 0;
			knownRegions = (
				en,
				Base,
			);
			mainGroup = 26A69D2A21E367D0003F8833;
			productRefGroup = 26A69D3421E367D0003F8833 /* Products */;
			projectDirPath = "";
			projectRoot = "";
			targets = (
				26A69D3221E367D0003F8833 /* Sample */,
				26A69D4621E367D6003F8833 /* SampleTests */,
				26A69D5121E367D6003F8833 /* SampleUITests */,
			);
		};
/* End PBXProject section */

/* Begin PBXResourcesBuildPhase section */
		26A69D3121E367D0003F8833 /* Resources */ = {
			isa = PBXResourcesBuildPhase;
			buildActionMask = 2147483647;
			files = (
				26A69D4121E367D6003F8833 /* LaunchScreen.storyboard in Resources */,
				26A69D3E21E367D6003F8833 /* Assets.xcassets in Resources */,
				26A69D3C21E367D0003F8833 /* Main.storyboard in Resources */,
			);
			runOnlyForDeploymentPostprocessing = 0;
		};
		26A69D4521E367D6003F8833 /* Resources */ = {
			isa = PBXResourcesBuildPhase;
			buildActionMask = 2147483647;
			files = (
				26A69D6421E392D0003F8833 /* Main.storyboard in Resources */,
			);
			runOnlyForDeploymentPostprocessing = 0;
		};
		26A69D5021E367D6003F8833 /* Resources */ = {
			isa = PBXResourcesBuildPhase;
			buildActionMask = 2147483647;
			files = (
				26A69D6521E392D1003F8833 /* Main.storyboard in Resources */,
			);
			runOnlyForDeploymentPostprocessing = 0;
		};
/* End PBXResourcesBuildPhase section */

/* Begin PBXSourcesBuildPhase section */
		26A69D2F21E367D0003F8833 /* Sources */ = {
			isa = PBXSourcesBuildPhase;
			buildActionMask = 2147483647;
			files = (
				26A69D3921E367D0003F8833 /* ViewController.swift in Sources */,
				26A69D3721E367D0003F8833 /* AppDelegate.swift in Sources */,
			);
			runOnlyForDeploymentPostprocessing = 0;
		};
		26A69D4321E367D6003F8833 /* Sources */ = {
			isa = PBXSourcesBuildPhase;
			buildActionMask = 2147483647;
			files = (
				26A69D4C21E367D6003F8833 /* SampleTests.swift in Sources */,
			);
			runOnlyForDeploymentPostprocessing = 0;
		};
		26A69D4E21E367D6003F8833 /* Sources */ = {
			isa = PBXSourcesBuildPhase;
			buildActionMask = 2147483647;
			files = (
				26A69D5721E367D6003F8833 /* SampleUITests.swift in Sources */,
			);
			runOnlyForDeploymentPostprocessing = 0;
		};
/* End PBXSourcesBuildPhase section */

/* Begin PBXTargetDependency section */
		26A69D4921E367D6003F8833 /* PBXTargetDependency */ = {
			isa = PBXTargetDependency;
			target = 26A69D3221E367D0003F8833 /* Sample */;
			targetProxy = 26A69D4821E367D6003F8833 /* PBXContainerItemProxy */;
		};
		26A69D5421E367D6003F8833 /* PBXTargetDependency */ = {
			isa = PBXTargetDependency;
			target = 26A69D3221E367D0003F8833 /* Sample */;
			targetProxy = 26A69D5321E367D6003F8833 /* PBXContainerItemProxy */;
		};
/* End PBXTargetDependency section */

/* Begin PBXVariantGroup section */
		26A69D3A21E367D0003F8833 /* Main.storyboard */ = {
			isa = PBXVariantGroup;
			children = (
				26A69D3B21E367D0003F8833 /* Base */,
				26A69D6721E392D8003F8833 /* en */,
			);
			name = Main.storyboard;
			sourceTree = "<group>";
		};
		26A69D3F21E367D6003F8833 /* LaunchScreen.storyboard */ = {
			isa = PBXVariantGroup;
			children = (
				26A69D4021E367D6003F8833 /* Base */,
			);
			name = LaunchScreen.storyboard;
			sourceTree = "<group>";
		};
/* End PBXVariantGroup section */

/* Begin XCBuildConfiguration section */
		26A69D5921E367D6003F8833 /* Debug */ = {
			isa = XCBuildConfiguration;
			buildSettings = {
				ALWAYS_SEARCH_USER_PATHS = NO;
				CLANG_ANALYZER_NONNULL = YES;
				CLANG_ANALYZER_NUMBER_OBJECT_CONVERSION = YES_AGGRESSIVE;
				CLANG_CXX_LANGUAGE_STANDARD = "gnu++14";
				CLANG_CXX_LIBRARY = "libc++";
				CLANG_ENABLE_MODULES = YES;
				CLANG_ENABLE_OBJC_ARC = YES;
				CLANG_ENABLE_OBJC_WEAK = YES;
				CLANG_WARN_BLOCK_CAPTURE_AUTORELEASING = YES;
				CLANG_WARN_BOOL_CONVERSION = YES;
				CLANG_WARN_COMMA = YES;
				CLANG_WARN_CONSTANT_CONVERSION = YES;
				CLANG_WARN_DEPRECATED_OBJC_IMPLEMENTATIONS = YES;
				CLANG_WARN_DIRECT_OBJC_ISA_USAGE = YES_ERROR;
				CLANG_WARN_DOCUMENTATION_COMMENTS = YES;
				CLANG_WARN_EMPTY_BODY = YES;
				CLANG_WARN_ENUM_CONVERSION = YES;
				CLANG_WARN_INFINITE_RECURSION = YES;
				CLANG_WARN_INT_CONVERSION = YES;
				CLANG_WARN_NON_LITERAL_NULL_CONVERSION = YES;
				CLANG_WARN_OBJC_IMPLICIT_RETAIN_SELF = YES;
				CLANG_WARN_OBJC_LITERAL_CONVERSION = YES;
				CLANG_WARN_OBJC_ROOT_CLASS = YES_ERROR;
				CLANG_WARN_RANGE_LOOP_ANALYSIS = YES;
				CLANG_WARN_STRICT_PROTOTYPES = YES;
				CLANG_WARN_SUSPICIOUS_MOVE = YES;
				CLANG_WARN_UNGUARDED_AVAILABILITY = YES_AGGRESSIVE;
				CLANG_WARN_UNREACHABLE_CODE = YES;
				CLANG_WARN__DUPLICATE_METHOD_MATCH = YES;
				CODE_SIGN_IDENTITY = "iPhone Developer";
				COPY_PHASE_STRIP = NO;
				DEBUG_INFORMATION_FORMAT = dwarf;
				ENABLE_STRICT_OBJC_MSGSEND = YES;
				ENABLE_TESTABILITY = YES;
				GCC_C_LANGUAGE_STANDARD = gnu11;
				GCC_DYNAMIC_NO_PIC = NO;
				GCC_NO_COMMON_BLOCKS = YES;
				GCC_OPTIMIZATION_LEVEL = 0;
				GCC_PREPROCESSOR_DEFINITIONS = (
					"DEBUG=1",
					"$(inherited)",
				);
				GCC_WARN_64_TO_32_BIT_CONVERSION = YES;
				GCC_WARN_ABOUT_RETURN_TYPE = YES_ERROR;
				GCC_WARN_UNDECLARED_SELECTOR = YES;
				GCC_WARN_UNINITIALIZED_AUTOS = YES_AGGRESSIVE;
				GCC_WARN_UNUSED_FUNCTION = YES;
				GCC_WARN_UNUSED_VARIABLE = YES;
				IPHONEOS_DEPLOYMENT_TARGET = 12.0;
				MTL_ENABLE_DEBUG_INFO = INCLUDE_SOURCE;
				MTL_FAST_MATH = YES;
				ONLY_ACTIVE_ARCH = YES;
				SDKROOT = iphoneos;
				SWIFT_ACTIVE_COMPILATION_CONDITIONS = DEBUG;
				SWIFT_OPTIMIZATION_LEVEL = "-Onone";
			};
			name = Debug;
		};
		26A69D5A21E367D6003F8833 /* Release */ = {
			isa = XCBuildConfiguration;
			buildSettings = {
				ALWAYS_SEARCH_USER_PATHS = NO;
				CLANG_ANALYZER_NONNULL = YES;
				CLANG_ANALYZER_NUMBER_OBJECT_CONVERSION = YES_AGGRESSIVE;
				CLANG_CXX_LANGUAGE_STANDARD = "gnu++14";
				CLANG_CXX_LIBRARY = "libc++";
				CLANG_ENABLE_MODULES = YES;
				CLANG_ENABLE_OBJC_ARC = YES;
				CLANG_ENABLE_OBJC_WEAK = YES;
				CLANG_WARN_BLOCK_CAPTURE_AUTORELEASING = YES;
				CLANG_WARN_BOOL_CONVERSION = YES;
				CLANG_WARN_COMMA = YES;
				CLANG_WARN_CONSTANT_CONVERSION = YES;
				CLANG_WARN_DEPRECATED_OBJC_IMPLEMENTATIONS = YES;
				CLANG_WARN_DIRECT_OBJC_ISA_USAGE = YES_ERROR;
				CLANG_WARN_DOCUMENTATION_COMMENTS = YES;
				CLANG_WARN_EMPTY_BODY = YES;
				CLANG_WARN_ENUM_CONVERSION = YES;
				CLANG_WARN_INFINITE_RECURSION = YES;
				CLANG_WARN_INT_CONVERSION = YES;
				CLANG_WARN_NON_LITERAL_NULL_CONVERSION = YES;
				CLANG_WARN_OBJC_IMPLICIT_RETAIN_SELF = YES;
				CLANG_WARN_OBJC_LITERAL_CONVERSION = YES;
				CLANG_WARN_OBJC_ROOT_CLASS = YES_ERROR;
				CLANG_WARN_RANGE_LOOP_ANALYSIS = YES;
				CLANG_WARN_STRICT_PROTOTYPES = YES;
				CLANG_WARN_SUSPICIOUS_MOVE = YES;
				CLANG_WARN_UNGUARDED_AVAILABILITY = YES_AGGRESSIVE;
				CLANG_WARN_UNREACHABLE_CODE = YES;
				CLANG_WARN__DUPLICATE_METHOD_MATCH = YES;
				CODE_SIGN_IDENTITY = "iPhone Developer";
				COPY_PHASE_STRIP = NO;
				DEBUG_INFORMATION_FORMAT = "dwarf-with-dsym";
				ENABLE_NS_ASSERTIONS = NO;
				ENABLE_STRICT_OBJC_MSGSEND = YES;
				GCC_C_LANGUAGE_STANDARD = gnu11;
				GCC_NO_COMMON_BLOCKS = YES;
				GCC_WARN_64_TO_32_BIT_CONVERSION = YES;
				GCC_WARN_ABOUT_RETURN_TYPE = YES_ERROR;
				GCC_WARN_UNDECLARED_SELECTOR = YES;
				GCC_WARN_UNINITIALIZED_AUTOS = YES_AGGRESSIVE;
				GCC_WARN_UNUSED_FUNCTION = YES;
				GCC_WARN_UNUSED_VARIABLE = YES;
				IPHONEOS_DEPLOYMENT_TARGET = 12.0;
				MTL_ENABLE_DEBUG_INFO = NO;
				MTL_FAST_MATH = YES;
				SDKROOT = iphoneos;
				SWIFT_COMPILATION_MODE = wholemodule;
				SWIFT_OPTIMIZATION_LEVEL = "-O";
				VALIDATE_PRODUCT = YES;
			};
			name = Release;
		};
		26A69D5C21E367D6003F8833 /* Debug */ = {
			isa = XCBuildConfiguration;
			buildSettings = {
				ASSETCATALOG_COMPILER_APPICON_NAME = AppIcon;
				CODE_SIGN_STYLE = Automatic;
				DEVELOPMENT_TEAM = 244K7V257U;
				INFOPLIST_FILE = Sample/Info.plist;
				LD_RUNPATH_SEARCH_PATHS = (
					"$(inherited)",
					"@executable_path/Frameworks",
				);
				PRODUCT_BUNDLE_IDENTIFIER = DaikiHoshito;
				PRODUCT_NAME = "$(TARGET_NAME)";
				SWIFT_VERSION = 4.2;
				TARGETED_DEVICE_FAMILY = "1,2";
			};
			name = Debug;
		};
		26A69D5D21E367D6003F8833 /* Release */ = {
			isa = XCBuildConfiguration;
			buildSettings = {
				ASSETCATALOG_COMPILER_APPICON_NAME = AppIcon;
				CODE_SIGN_STYLE = Automatic;
				DEVELOPMENT_TEAM = 244K7V257U;
				INFOPLIST_FILE = Sample/Info.plist;
				LD_RUNPATH_SEARCH_PATHS = (
					"$(inherited)",
					"@executable_path/Frameworks",
				);
				PRODUCT_BUNDLE_IDENTIFIER = DaikiHoshito;
				PRODUCT_NAME = "$(TARGET_NAME)";
				SWIFT_VERSION = 4.2;
				TARGETED_DEVICE_FAMILY = "1,2";
			};
			name = Release;
		};
		26A69D5F21E367D6003F8833 /* Debug */ = {
			isa = XCBuildConfiguration;
			buildSettings = {
				ALWAYS_EMBED_SWIFT_STANDARD_LIBRARIES = YES;
				BUNDLE_LOADER = "$(TEST_HOST)";
				CODE_SIGN_STYLE = Automatic;
				INFOPLIST_FILE = SampleTests/Info.plist;
				LD_RUNPATH_SEARCH_PATHS = (
					"$(inherited)",
					"@executable_path/Frameworks",
					"@loader_path/Frameworks",
				);
				PRODUCT_BUNDLE_IDENTIFIER = test.SampleTests;
				PRODUCT_NAME = "$(TARGET_NAME)";
				SWIFT_VERSION = 4.2;
				TARGETED_DEVICE_FAMILY = "1,2";
				TEST_HOST = "$(BUILT_PRODUCTS_DIR)/Sample.app/Sample";
			};
			name = Debug;
		};
		26A69D6021E367D6003F8833 /* Release */ = {
			isa = XCBuildConfiguration;
			buildSettings = {
				ALWAYS_EMBED_SWIFT_STANDARD_LIBRARIES = YES;
				BUNDLE_LOADER = "$(TEST_HOST)";
				CODE_SIGN_STYLE = Automatic;
				INFOPLIST_FILE = SampleTests/Info.plist;
				LD_RUNPATH_SEARCH_PATHS = (
					"$(inherited)",
					"@executable_path/Frameworks",
					"@loader_path/Frameworks",
				);
				PRODUCT_BUNDLE_IDENTIFIER = test.SampleTests;
				PRODUCT_NAME = "$(TARGET_NAME)";
				SWIFT_VERSION = 4.2;
				TARGETED_DEVICE_FAMILY = "1,2";
				TEST_HOST = "$(BUILT_PRODUCTS_DIR)/Sample.app/Sample";
			};
			name = Release;
		};
		26A69D6221E367D6003F8833 /* Debug */ = {
			isa = XCBuildConfiguration;
			buildSettings = {
				ALWAYS_EMBED_SWIFT_STANDARD_LIBRARIES = YES;
				CODE_SIGN_STYLE = Automatic;
				INFOPLIST_FILE = SampleUITests/Info.plist;
				LD_RUNPATH_SEARCH_PATHS = (
					"$(inherited)",
					"@executable_path/Frameworks",
					"@loader_path/Frameworks",
				);
				PRODUCT_BUNDLE_IDENTIFIER = test.SampleUITests;
				PRODUCT_NAME = "$(TARGET_NAME)";
				SWIFT_VERSION = 4.2;
				TARGETED_DEVICE_FAMILY = "1,2";
				TEST_TARGET_NAME = Sample;
			};
			name = Debug;
		};
		26A69D6321E367D6003F8833 /* Release */ = {
			isa = XCBuildConfiguration;
			buildSettings = {
				ALWAYS_EMBED_SWIFT_STANDARD_LIBRARIES = YES;
				CODE_SIGN_STYLE = Automatic;
				INFOPLIST_FILE = SampleUITests/Info.plist;
				LD_RUNPATH_SEARCH_PATHS = (
					"$(inherited)",
					"@executable_path/Frameworks",
					"@loader_path/Frameworks",
				);
				PRODUCT_BUNDLE_IDENTIFIER = test.SampleUITests;
				PRODUCT_NAME = "$(TARGET_NAME)";
				SWIFT_VERSION = 4.2;
				TARGETED_DEVICE_FAMILY = "1,2";
				TEST_TARGET_NAME = Sample;
			};
			name = Release;
		};
/* End XCBuildConfiguration section */

/* Begin XCConfigurationList section */
		26A69D2E21E367D0003F8833 /* Build configuration list for PBXProject "Sample" */ = {
			isa = XCConfigurationList;
			buildConfigurations = (
				26A69D5921E367D6003F8833 /* Debug */,
				26A69D5A21E367D6003F8833 /* Release */,
			);
			defaultConfigurationIsVisible = 0;
			defaultConfigurationName = Release;
		};
		26A69D5B21E367D6003F8833 /* Build configuration list for PBXNativeTarget "Sample" */ = {
			isa = XCConfigurationList;
			buildConfigurations = (
				26A69D5C21E367D6003F8833 /* Debug */,
				26A69D5D21E367D6003F8833 /* Release */,
			);
			defaultConfigurationIsVisible = 0;
			defaultConfigurationName = Release;
		};
		26A69D5E21E367D6003F8833 /* Build configuration list for PBXNativeTarget "SampleTests" */ = {
			isa = XCConfigurationList;
			buildConfigurations = (
				26A69D5F21E367D6003F8833 /* Debug */,
				26A69D6021E367D6003F8833 /* Release */,
			);
			defaultConfigurationIsVisible = 0;
			defaultConfigurationName = Release;
		};
		26A69D6121E367D6003F8833 /* Build configuration list for PBXNativeTarget "SampleUITests" */ = {
			isa = XCConfigurationList;
			buildConfigurations = (
				26A69D6221E367D6003F8833 /* Debug */,
				26A69D6321E367D6003F8833 /* Release */,
			);
			defaultConfigurationIsVisible = 0;
			defaultConfigurationName = Release;
		};
/* End XCConfigurationList section */
	};
	rootObject = 26A69D2B21E367D0003F8833 /* Project object */;
}
